// !$*UTF8*$!
{
	archiveVersion = 1;
	classes = {
	};
	objectVersion = 46;
	objects = {

/* Begin PBXBuildFile section */
		CB1301A71A522583008F4F64 /* flash_cards.xcdatamodeld in Sources */ = {isa = PBXBuildFile; fileRef = CB1301A51A522583008F4F64 /* flash_cards.xcdatamodeld */; };
		CB1301A91A522583008F4F64 /* ViewController.swift in Sources */ = {isa = PBXBuildFile; fileRef = CB1301A81A522583008F4F64 /* ViewController.swift */; };
		CB1301AC1A522583008F4F64 /* Main.storyboard in Resources */ = {isa = PBXBuildFile; fileRef = CB1301AA1A522583008F4F64 /* Main.storyboard */; };
		CB1301B11A522583008F4F64 /* LaunchScreen.xib in Resources */ = {isa = PBXBuildFile; fileRef = CB1301AF1A522583008F4F64 /* LaunchScreen.xib */; };
		CB1301BD1A522584008F4F64 /* flash_cardsTests.swift in Sources */ = {isa = PBXBuildFile; fileRef = CB1301BC1A522584008F4F64 /* flash_cardsTests.swift */; };
		CB1301C91A523EEC008F4F64 /* Set.swift in Sources */ = {isa = PBXBuildFile; fileRef = CB1301C81A523EEC008F4F64 /* Set.swift */; };
		CB1301CB1A523EED008F4F64 /* Card.swift in Sources */ = {isa = PBXBuildFile; fileRef = CB1301CA1A523EED008F4F64 /* Card.swift */; };
		CB1301DD1A52980D008F4F64 /* AppDelegate.swift in Sources */ = {isa = PBXBuildFile; fileRef = CB1301CF1A52980D008F4F64 /* AppDelegate.swift */; };
		CB1301DE1A52980D008F4F64 /* LaunchScreen.xib in Resources */ = {isa = PBXBuildFile; fileRef = CB1301D01A52980D008F4F64 /* LaunchScreen.xib */; };
		CB1301DF1A52980D008F4F64 /* Main.storyboard in Resources */ = {isa = PBXBuildFile; fileRef = CB1301D21A52980D008F4F64 /* Main.storyboard */; };
		CB1301E11A52980D008F4F64 /* CreateSetViewController.swift in Sources */ = {isa = PBXBuildFile; fileRef = CB1301D51A52980D008F4F64 /* CreateSetViewController.swift */; };
		CB1301E21A52980D008F4F64 /* flash_cards.xcdatamodeld in Sources */ = {isa = PBXBuildFile; fileRef = CB1301D61A52980D008F4F64 /* flash_cards.xcdatamodeld */; };
		CB1301E31A52980D008F4F64 /* Images.xcassets in Resources */ = {isa = PBXBuildFile; fileRef = CB1301D81A52980D008F4F64 /* Images.xcassets */; };
		CB1301E41A52980D008F4F64 /* Info.plist in Resources */ = {isa = PBXBuildFile; fileRef = CB1301D91A52980D008F4F64 /* Info.plist */; };
		CB1301E61A52980D008F4F64 /* TableViewController.swift in Sources */ = {isa = PBXBuildFile; fileRef = CB1301DB1A52980D008F4F64 /* TableViewController.swift */; };
		CB1301EB1A539147008F4F64 /* SetsViewController.swift in Sources */ = {isa = PBXBuildFile; fileRef = CB1301EA1A539147008F4F64 /* SetsViewController.swift */; };
		CB4AE2051A53E682009ABECF /* AddCardViewController.swift in Sources */ = {isa = PBXBuildFile; fileRef = CB4AE2041A53E682009ABECF /* AddCardViewController.swift */; };
/* End PBXBuildFile section */

/* Begin PBXContainerItemProxy section */
		CB1301B71A522584008F4F64 /* PBXContainerItemProxy */ = {
			isa = PBXContainerItemProxy;
			containerPortal = CB1301961A522583008F4F64 /* Project object */;
			proxyType = 1;
			remoteGlobalIDString = CB13019D1A522583008F4F64;
			remoteInfo = "flash-cards";
		};
/* End PBXContainerItemProxy section */

/* Begin PBXFileReference section */
		CB13019E1A522583008F4F64 /* flash-cards.app */ = {isa = PBXFileReference; explicitFileType = wrapper.application; includeInIndex = 0; path = "flash-cards.app"; sourceTree = BUILT_PRODUCTS_DIR; };
		CB1301A21A522583008F4F64 /* Info.plist */ = {isa = PBXFileReference; lastKnownFileType = text.plist.xml; path = Info.plist; sourceTree = "<group>"; };
		CB1301A31A522583008F4F64 /* AppDelegate.swift */ = {isa = PBXFileReference; lastKnownFileType = sourcecode.swift; path = AppDelegate.swift; sourceTree = "<group>"; };
		CB1301A61A522583008F4F64 /* flash_cards.xcdatamodel */ = {isa = PBXFileReference; lastKnownFileType = wrapper.xcdatamodel; path = flash_cards.xcdatamodel; sourceTree = "<group>"; };
		CB1301A81A522583008F4F64 /* ViewController.swift */ = {isa = PBXFileReference; lastKnownFileType = sourcecode.swift; path = ViewController.swift; sourceTree = "<group>"; };
		CB1301AB1A522583008F4F64 /* Base */ = {isa = PBXFileReference; lastKnownFileType = file.storyboard; name = Base; path = Base.lproj/Main.storyboard; sourceTree = "<group>"; };
		CB1301AD1A522583008F4F64 /* Images.xcassets */ = {isa = PBXFileReference; lastKnownFileType = folder.assetcatalog; path = Images.xcassets; sourceTree = "<group>"; };
		CB1301B01A522583008F4F64 /* Base */ = {isa = PBXFileReference; lastKnownFileType = file.xib; name = Base; path = Base.lproj/LaunchScreen.xib; sourceTree = "<group>"; };
		CB1301B61A522584008F4F64 /* flash-cardsTests.xctest */ = {isa = PBXFileReference; explicitFileType = wrapper.cfbundle; includeInIndex = 0; path = "flash-cardsTests.xctest"; sourceTree = BUILT_PRODUCTS_DIR; };
		CB1301BB1A522584008F4F64 /* Info.plist */ = {isa = PBXFileReference; lastKnownFileType = text.plist.xml; path = Info.plist; sourceTree = "<group>"; };
		CB1301BC1A522584008F4F64 /* flash_cardsTests.swift */ = {isa = PBXFileReference; lastKnownFileType = sourcecode.swift; path = flash_cardsTests.swift; sourceTree = "<group>"; };
		CB1301C61A522A8D008F4F64 /* CreateSetViewController.swift */ = {isa = PBXFileReference; fileEncoding = 4; lastKnownFileType = sourcecode.swift; path = CreateSetViewController.swift; sourceTree = "<group>"; };
		CB1301C81A523EEC008F4F64 /* Set.swift */ = {isa = PBXFileReference; fileEncoding = 4; lastKnownFileType = sourcecode.swift; path = Set.swift; sourceTree = "<group>"; };
		CB1301CA1A523EED008F4F64 /* Card.swift */ = {isa = PBXFileReference; fileEncoding = 4; lastKnownFileType = sourcecode.swift; path = Card.swift; sourceTree = "<group>"; };
		CB1301CF1A52980D008F4F64 /* AppDelegate.swift */ = {isa = PBXFileReference; fileEncoding = 4; lastKnownFileType = sourcecode.swift; path = AppDelegate.swift; sourceTree = "<group>"; };
		CB1301D11A52980D008F4F64 /* Base */ = {isa = PBXFileReference; lastKnownFileType = file.xib; name = Base; path = Base.lproj/LaunchScreen.xib; sourceTree = "<group>"; };
		CB1301D31A52980D008F4F64 /* Base */ = {isa = PBXFileReference; lastKnownFileType = file.storyboard; name = Base; path = Base.lproj/Main.storyboard; sourceTree = "<group>"; };
		CB1301D41A52980D008F4F64 /* Card.swift */ = {isa = PBXFileReference; fileEncoding = 4; lastKnownFileType = sourcecode.swift; path = Card.swift; sourceTree = "<group>"; };
		CB1301D51A52980D008F4F64 /* CreateSetViewController.swift */ = {isa = PBXFileReference; fileEncoding = 4; lastKnownFileType = sourcecode.swift; path = CreateSetViewController.swift; sourceTree = "<group>"; };
		CB1301D71A52980D008F4F64 /* flash_cards.xcdatamodel */ = {isa = PBXFileReference; lastKnownFileType = wrapper.xcdatamodel; path = flash_cards.xcdatamodel; sourceTree = "<group>"; };
		CB1301D81A52980D008F4F64 /* Images.xcassets */ = {isa = PBXFileReference; lastKnownFileType = folder.assetcatalog; path = Images.xcassets; sourceTree = "<group>"; };
		CB1301D91A52980D008F4F64 /* Info.plist */ = {isa = PBXFileReference; fileEncoding = 4; lastKnownFileType = text.plist.xml; path = Info.plist; sourceTree = "<group>"; };
		CB1301DA1A52980D008F4F64 /* Set.swift */ = {isa = PBXFileReference; fileEncoding = 4; lastKnownFileType = sourcecode.swift; path = Set.swift; sourceTree = "<group>"; };
		CB1301DB1A52980D008F4F64 /* TableViewController.swift */ = {isa = PBXFileReference; fileEncoding = 4; lastKnownFileType = sourcecode.swift; path = TableViewController.swift; sourceTree = "<group>"; };
		CB1301DC1A52980D008F4F64 /* ViewController.swift */ = {isa = PBXFileReference; fileEncoding = 4; lastKnownFileType = sourcecode.swift; path = ViewController.swift; sourceTree = "<group>"; };
		CB1301EA1A539147008F4F64 /* SetsViewController.swift */ = {isa = PBXFileReference; fileEncoding = 4; lastKnownFileType = sourcecode.swift; path = SetsViewController.swift; sourceTree = "<group>"; };
		CB4AE2041A53E682009ABECF /* AddCardViewController.swift */ = {isa = PBXFileReference; fileEncoding = 4; lastKnownFileType = sourcecode.swift; path = AddCardViewController.swift; sourceTree = "<group>"; };
/* End PBXFileReference section */

/* Begin PBXFrameworksBuildPhase section */
		CB13019B1A522583008F4F64 /* Frameworks */ = {
			isa = PBXFrameworksBuildPhase;
			buildActionMask = 2147483647;
			files = (
			);
			runOnlyForDeploymentPostprocessing = 0;
		};
		CB1301B31A522584008F4F64 /* Frameworks */ = {
			isa = PBXFrameworksBuildPhase;
			buildActionMask = 2147483647;
			files = (
			);
			runOnlyForDeploymentPostprocessing = 0;
		};
/* End PBXFrameworksBuildPhase section */

/* Begin PBXGroup section */
		CB1301951A522583008F4F64 = {
			isa = PBXGroup;
			children = (
				CB1301A01A522583008F4F64 /* flash-cards */,
				CB1301B91A522584008F4F64 /* flash-cardsTests */,
				CB13019F1A522583008F4F64 /* Products */,
			);
			sourceTree = "<group>";
		};
		CB13019F1A522583008F4F64 /* Products */ = {
			isa = PBXGroup;
			children = (
				CB13019E1A522583008F4F64 /* flash-cards.app */,
				CB1301B61A522584008F4F64 /* flash-cardsTests.xctest */,
			);
			name = Products;
			sourceTree = "<group>";
		};
		CB1301A01A522583008F4F64 /* flash-cards */ = {
			isa = PBXGroup;
			children = (
				CB1301A31A522583008F4F64 /* AppDelegate.swift */,
				CB1301A81A522583008F4F64 /* ViewController.swift */,
				CB1301C61A522A8D008F4F64 /* CreateSetViewController.swift */,
				CB1301EA1A539147008F4F64 /* SetsViewController.swift */,
				CB1301AD1A522583008F4F64 /* Images.xcassets */,
				CB4AE2041A53E682009ABECF /* AddCardViewController.swift */,
				CB1301CE1A52980D008F4F64 /* flash-cards */,
				CB1301AF1A522583008F4F64 /* LaunchScreen.xib */,
				CB1301A51A522583008F4F64 /* flash_cards.xcdatamodeld */,
				CB1301CA1A523EED008F4F64 /* Card.swift */,
				CB1301AA1A522583008F4F64 /* Main.storyboard */,
				CB1301C81A523EEC008F4F64 /* Set.swift */,
				CB1301A11A522583008F4F64 /* Supporting Files */,
			);
			path = "flash-cards";
			sourceTree = "<group>";
		};
		CB1301A11A522583008F4F64 /* Supporting Files */ = {
			isa = PBXGroup;
			children = (
				CB1301A21A522583008F4F64 /* Info.plist */,
			);
			name = "Supporting Files";
			sourceTree = "<group>";
		};
		CB1301B91A522584008F4F64 /* flash-cardsTests */ = {
			isa = PBXGroup;
			children = (
				CB1301BC1A522584008F4F64 /* flash_cardsTests.swift */,
				CB1301BA1A522584008F4F64 /* Supporting Files */,
			);
			path = "flash-cardsTests";
			sourceTree = "<group>";
		};
		CB1301BA1A522584008F4F64 /* Supporting Files */ = {
			isa = PBXGroup;
			children = (
				CB1301BB1A522584008F4F64 /* Info.plist */,
			);
			name = "Supporting Files";
			sourceTree = "<group>";
		};
		CB1301CE1A52980D008F4F64 /* flash-cards */ = {
			isa = PBXGroup;
			children = (
				CB1301CF1A52980D008F4F64 /* AppDelegate.swift */,
				CB1301D01A52980D008F4F64 /* LaunchScreen.xib */,
				CB1301D21A52980D008F4F64 /* Main.storyboard */,
				CB1301D41A52980D008F4F64 /* Card.swift */,
				CB1301D51A52980D008F4F64 /* CreateSetViewController.swift */,
				CB1301D61A52980D008F4F64 /* flash_cards.xcdatamodeld */,
				CB1301D81A52980D008F4F64 /* Images.xcassets */,
				CB1301D91A52980D008F4F64 /* Info.plist */,
				CB1301DA1A52980D008F4F64 /* Set.swift */,
				CB1301DB1A52980D008F4F64 /* TableViewController.swift */,
				CB1301DC1A52980D008F4F64 /* ViewController.swift */,
			);
			name = "flash-cards";
			sourceTree = "<group>";
		};
/* End PBXGroup section */

/* Begin PBXNativeTarget section */
		CB13019D1A522583008F4F64 /* flash-cards */ = {
			isa = PBXNativeTarget;
			buildConfigurationList = CB1301C01A522584008F4F64 /* Build configuration list for PBXNativeTarget "flash-cards" */;
			buildPhases = (
				CB13019A1A522583008F4F64 /* Sources */,
				CB13019B1A522583008F4F64 /* Frameworks */,
				CB13019C1A522583008F4F64 /* Resources */,
			);
			buildRules = (
			);
			dependencies = (
			);
			name = "flash-cards";
			productName = "flash-cards";
			productReference = CB13019E1A522583008F4F64 /* flash-cards.app */;
			productType = "com.apple.product-type.application";
		};
		CB1301B51A522584008F4F64 /* flash-cardsTests */ = {
			isa = PBXNativeTarget;
			buildConfigurationList = CB1301C31A522584008F4F64 /* Build configuration list for PBXNativeTarget "flash-cardsTests" */;
			buildPhases = (
				CB1301B21A522584008F4F64 /* Sources */,
				CB1301B31A522584008F4F64 /* Frameworks */,
				CB1301B41A522584008F4F64 /* Resources */,
			);
			buildRules = (
			);
			dependencies = (
				CB1301B81A522584008F4F64 /* PBXTargetDependency */,
			);
			name = "flash-cardsTests";
			productName = "flash-cardsTests";
			productReference = CB1301B61A522584008F4F64 /* flash-cardsTests.xctest */;
			productType = "com.apple.product-type.bundle.unit-test";
		};
/* End PBXNativeTarget section */

/* Begin PBXProject section */
		CB1301961A522583008F4F64 /* Project object */ = {
			isa = PBXProject;
			attributes = {
				LastUpgradeCheck = 0610;
				ORGANIZATIONNAME = "Charlie Swanson";
				TargetAttributes = {
					CB13019D1A522583008F4F64 = {
						CreatedOnToolsVersion = 6.1.1;
						DevelopmentTeam = 32D7MJJTNG;
					};
					CB1301B51A522584008F4F64 = {
						CreatedOnToolsVersion = 6.1.1;
						TestTargetID = CB13019D1A522583008F4F64;
					};
				};
			};
			buildConfigurationList = CB1301991A522583008F4F64 /* Build configuration list for PBXProject "flash-cards" */;
			compatibilityVersion = "Xcode 3.2";
			developmentRegion = English;
			hasScannedForEncodings = 0;
			knownRegions = (
				en,
				Base,
			);
			mainGroup = CB1301951A522583008F4F64;
			productRefGroup = CB13019F1A522583008F4F64 /* Products */;
			projectDirPath = "";
			projectRoot = "";
			targets = (
				CB13019D1A522583008F4F64 /* flash-cards */,
				CB1301B51A522584008F4F64 /* flash-cardsTests */,
			);
		};
/* End PBXProject section */

/* Begin PBXResourcesBuildPhase section */
		CB13019C1A522583008F4F64 /* Resources */ = {
			isa = PBXResourcesBuildPhase;
			buildActionMask = 2147483647;
			files = (
				CB1301DE1A52980D008F4F64 /* LaunchScreen.xib in Resources */,
				CB1301DF1A52980D008F4F64 /* Main.storyboard in Resources */,
				CB1301AC1A522583008F4F64 /* Main.storyboard in Resources */,
				CB1301E31A52980D008F4F64 /* Images.xcassets in Resources */,
				CB1301B11A522583008F4F64 /* LaunchScreen.xib in Resources */,
				CB1301E41A52980D008F4F64 /* Info.plist in Resources */,
			);
			runOnlyForDeploymentPostprocessing = 0;
		};
		CB1301B41A522584008F4F64 /* Resources */ = {
			isa = PBXResourcesBuildPhase;
			buildActionMask = 2147483647;
			files = (
			);
			runOnlyForDeploymentPostprocessing = 0;
		};
/* End PBXResourcesBuildPhase section */

/* Begin PBXSourcesBuildPhase section */
		CB13019A1A522583008F4F64 /* Sources */ = {
			isa = PBXSourcesBuildPhase;
			buildActionMask = 2147483647;
			files = (
				CB1301C91A523EEC008F4F64 /* Set.swift in Sources */,
				CB1301CB1A523EED008F4F64 /* Card.swift in Sources */,
				CB1301E21A52980D008F4F64 /* flash_cards.xcdatamodeld in Sources */,
				CB1301A91A522583008F4F64 /* ViewController.swift in Sources */,
				CB4AE2051A53E682009ABECF /* AddCardViewController.swift in Sources */,
				CB1301EB1A539147008F4F64 /* SetsViewController.swift in Sources */,
				CB1301A71A522583008F4F64 /* flash_cards.xcdatamodeld in Sources */,
				CB1301DD1A52980D008F4F64 /* AppDelegate.swift in Sources */,
				CB1301E61A52980D008F4F64 /* TableViewController.swift in Sources */,
				CB1301E11A52980D008F4F64 /* CreateSetViewController.swift in Sources */,
			);
			runOnlyForDeploymentPostprocessing = 0;
		};
		CB1301B21A522584008F4F64 /* Sources */ = {
			isa = PBXSourcesBuildPhase;
			buildActionMask = 2147483647;
			files = (
				CB1301BD1A522584008F4F64 /* flash_cardsTests.swift in Sources */,
			);
			runOnlyForDeploymentPostprocessing = 0;
		};
/* End PBXSourcesBuildPhase section */

/* Begin PBXTargetDependency section */
		CB1301B81A522584008F4F64 /* PBXTargetDependency */ = {
			isa = PBXTargetDependency;
			target = CB13019D1A522583008F4F64 /* flash-cards */;
			targetProxy = CB1301B71A522584008F4F64 /* PBXContainerItemProxy */;
		};
/* End PBXTargetDependency section */

/* Begin PBXVariantGroup section */
		CB1301AA1A522583008F4F64 /* Main.storyboard */ = {
			isa = PBXVariantGroup;
			children = (
				CB1301AB1A522583008F4F64 /* Base */,
			);
			name = Main.storyboard;
			sourceTree = "<group>";
		};
		CB1301AF1A522583008F4F64 /* LaunchScreen.xib */ = {
			isa = PBXVariantGroup;
			children = (
				CB1301B01A522583008F4F64 /* Base */,
			);
			name = LaunchScreen.xib;
			sourceTree = "<group>";
		};
		CB1301D01A52980D008F4F64 /* LaunchScreen.xib */ = {
			isa = PBXVariantGroup;
			children = (
				CB1301D11A52980D008F4F64 /* Base */,
			);
			name = LaunchScreen.xib;
			sourceTree = "<group>";
		};
		CB1301D21A52980D008F4F64 /* Main.storyboard */ = {
			isa = PBXVariantGroup;
			children = (
				CB1301D31A52980D008F4F64 /* Base */,
			);
			name = Main.storyboard;
			sourceTree = "<group>";
		};
/* End PBXVariantGroup section */

/* Begin XCBuildConfiguration section */
		CB1301BE1A522584008F4F64 /* Debug */ = {
			isa = XCBuildConfiguration;
			buildSettings = {
				ALWAYS_SEARCH_USER_PATHS = NO;
				CLANG_CXX_LANGUAGE_STANDARD = "gnu++0x";
				CLANG_CXX_LIBRARY = "libc++";
				CLANG_ENABLE_MODULES = YES;
				CLANG_ENABLE_OBJC_ARC = YES;
				CLANG_WARN_BOOL_CONVERSION = YES;
				CLANG_WARN_CONSTANT_CONVERSION = YES;
				CLANG_WARN_DIRECT_OBJC_ISA_USAGE = YES_ERROR;
				CLANG_WARN_EMPTY_BODY = YES;
				CLANG_WARN_ENUM_CONVERSION = YES;
				CLANG_WARN_INT_CONVERSION = YES;
				CLANG_WARN_OBJC_ROOT_CLASS = YES_ERROR;
				CLANG_WARN_UNREACHABLE_CODE = YES;
				CLANG_WARN__DUPLICATE_METHOD_MATCH = YES;
				"CODE_SIGN_IDENTITY[sdk=iphoneos*]" = "iPhone Developer";
				COPY_PHASE_STRIP = NO;
				ENABLE_STRICT_OBJC_MSGSEND = YES;
				GCC_C_LANGUAGE_STANDARD = gnu99;
				GCC_DYNAMIC_NO_PIC = NO;
				GCC_OPTIMIZATION_LEVEL = 0;
				GCC_PREPROCESSOR_DEFINITIONS = (
					"DEBUG=1",
					"$(inherited)",
				);
				GCC_SYMBOLS_PRIVATE_EXTERN = NO;
				GCC_WARN_64_TO_32_BIT_CONVERSION = YES;
				GCC_WARN_ABOUT_RETURN_TYPE = YES_ERROR;
				GCC_WARN_UNDECLARED_SELECTOR = YES;
				GCC_WARN_UNINITIALIZED_AUTOS = YES_AGGRESSIVE;
				GCC_WARN_UNUSED_FUNCTION = YES;
				GCC_WARN_UNUSED_VARIABLE = YES;
				IPHONEOS_DEPLOYMENT_TARGET = 8.1;
				MTL_ENABLE_DEBUG_INFO = YES;
				ONLY_ACTIVE_ARCH = YES;
				SDKROOT = iphoneos;
				SWIFT_OPTIMIZATION_LEVEL = "-Onone";
			};
			name = Debug;
		};
		CB1301BF1A522584008F4F64 /* Release */ = {
			isa = XCBuildConfiguration;
			buildSettings = {
				ALWAYS_SEARCH_USER_PATHS = NO;
				CLANG_CXX_LANGUAGE_STANDARD = "gnu++0x";
				CLANG_CXX_LIBRARY = "libc++";
				CLANG_ENABLE_MODULES = YES;
				CLANG_ENABLE_OBJC_ARC = YES;
				CLANG_WARN_BOOL_CONVERSION = YES;
				CLANG_WARN_CONSTANT_CONVERSION = YES;
				CLANG_WARN_DIRECT_OBJC_ISA_USAGE = YES_ERROR;
				CLANG_WARN_EMPTY_BODY = YES;
				CLANG_WARN_ENUM_CONVERSION = YES;
				CLANG_WARN_INT_CONVERSION = YES;
				CLANG_WARN_OBJC_ROOT_CLASS = YES_ERROR;
				CLANG_WARN_UNREACHABLE_CODE = YES;
				CLANG_WARN__DUPLICATE_METHOD_MATCH = YES;
				"CODE_SIGN_IDENTITY[sdk=iphoneos*]" = "iPhone Developer";
				COPY_PHASE_STRIP = YES;
				ENABLE_NS_ASSERTIONS = NO;
				ENABLE_STRICT_OBJC_MSGSEND = YES;
				GCC_C_LANGUAGE_STANDARD = gnu99;
				GCC_WARN_64_TO_32_BIT_CONVERSION = YES;
				GCC_WARN_ABOUT_RETURN_TYPE = YES_ERROR;
				GCC_WARN_UNDECLARED_SELECTOR = YES;
				GCC_WARN_UNINITIALIZED_AUTOS = YES_AGGRESSIVE;
				GCC_WARN_UNUSED_FUNCTION = YES;
				GCC_WARN_UNUSED_VARIABLE = YES;
				IPHONEOS_DEPLOYMENT_TARGET = 8.1;
				MTL_ENABLE_DEBUG_INFO = NO;
				SDKROOT = iphoneos;
				VALIDATE_PRODUCT = YES;
			};
			name = Release;
		};
		CB1301C11A522584008F4F64 /* Debug */ = {
			isa = XCBuildConfiguration;
			buildSettings = {
				ASSETCATALOG_COMPILER_APPICON_NAME = AppIcon;
				CODE_SIGN_IDENTITY = "iPhone Developer";
				INFOPLIST_FILE = "flash-cards/Info.plist";
				LD_RUNPATH_SEARCH_PATHS = "$(inherited) @executable_path/Frameworks";
				PRODUCT_NAME = "$(TARGET_NAME)";
			};
			name = Debug;
		};
		CB1301C21A522584008F4F64 /* Release */ = {
			isa = XCBuildConfiguration;
			buildSettings = {
				ASSETCATALOG_COMPILER_APPICON_NAME = AppIcon;
				CODE_SIGN_IDENTITY = "iPhone Developer";
				INFOPLIST_FILE = "flash-cards/Info.plist";
				LD_RUNPATH_SEARCH_PATHS = "$(inherited) @executable_path/Frameworks";
				PRODUCT_NAME = "$(TARGET_NAME)";
			};
			name = Release;
		};
		CB1301C41A522584008F4F64 /* Debug */ = {
			isa = XCBuildConfiguration;
			buildSettings = {
				BUNDLE_LOADER = "$(TEST_HOST)";
				FRAMEWORK_SEARCH_PATHS = (
					"$(SDKROOT)/Developer/Library/Frameworks",
					"$(inherited)",
				);
				GCC_PREPROCESSOR_DEFINITIONS = (
					"DEBUG=1",
					"$(inherited)",
				);
				INFOPLIST_FILE = "flash-cardsTests/Info.plist";
				LD_RUNPATH_SEARCH_PATHS = "$(inherited) @executable_path/Frameworks @loader_path/Frameworks";
				PRODUCT_NAME = "$(TARGET_NAME)";
				TEST_HOST = "$(BUILT_PRODUCTS_DIR)/flash-cards.app/flash-cards";
			};
			name = Debug;
		};
		CB1301C51A522584008F4F64 /* Release */ = {
			isa = XCBuildConfiguration;
			buildSettings = {
				BUNDLE_LOADER = "$(TEST_HOST)";
				FRAMEWORK_SEARCH_PATHS = (
					"$(SDKROOT)/Developer/Library/Frameworks",
					"$(inherited)",
				);
				INFOPLIST_FILE = "flash-cardsTests/Info.plist";
				LD_RUNPATH_SEARCH_PATHS = "$(inherited) @executable_path/Frameworks @loader_path/Frameworks";
				PRODUCT_NAME = "$(TARGET_NAME)";
				TEST_HOST = "$(BUILT_PRODUCTS_DIR)/flash-cards.app/flash-cards";
			};
			name = Release;
		};
/* End XCBuildConfiguration section */

/* Begin XCConfigurationList section */
		CB1301991A522583008F4F64 /* Build configuration list for PBXProject "flash-cards" */ = {
			isa = XCConfigurationList;
			buildConfigurations = (
				CB1301BE1A522584008F4F64 /* Debug */,
				CB1301BF1A522584008F4F64 /* Release */,
			);
			defaultConfigurationIsVisible = 0;
			defaultConfigurationName = Release;
		};
		CB1301C01A522584008F4F64 /* Build configuration list for PBXNativeTarget "flash-cards" */ = {
			isa = XCConfigurationList;
			buildConfigurations = (
				CB1301C11A522584008F4F64 /* Debug */,
				CB1301C21A522584008F4F64 /* Release */,
			);
			defaultConfigurationIsVisible = 0;
			defaultConfigurationName = Release;
		};
		CB1301C31A522584008F4F64 /* Build configuration list for PBXNativeTarget "flash-cardsTests" */ = {
			isa = XCConfigurationList;
			buildConfigurations = (
				CB1301C41A522584008F4F64 /* Debug */,
				CB1301C51A522584008F4F64 /* Release */,
			);
			defaultConfigurationIsVisible = 0;
			defaultConfigurationName = Release;
		};
/* End XCConfigurationList section */

/* Begin XCVersionGroup section */
		CB1301A51A522583008F4F64 /* flash_cards.xcdatamodeld */ = {
			isa = XCVersionGroup;
			children = (
				CB1301A61A522583008F4F64 /* flash_cards.xcdatamodel */,
			);
			currentVersion = CB1301A61A522583008F4F64 /* flash_cards.xcdatamodel */;
			path = flash_cards.xcdatamodeld;
			sourceTree = "<group>";
			versionGroupType = wrapper.xcdatamodel;
		};
		CB1301D61A52980D008F4F64 /* flash_cards.xcdatamodeld */ = {
			isa = XCVersionGroup;
			children = (
				CB1301D71A52980D008F4F64 /* flash_cards.xcdatamodel */,
			);
			currentVersion = CB1301D71A52980D008F4F64 /* flash_cards.xcdatamodel */;
			path = flash_cards.xcdatamodeld;
			sourceTree = "<group>";
			versionGroupType = wrapper.xcdatamodel;
		};
/* End XCVersionGroup section */
	};
	rootObject = CB1301961A522583008F4F64 /* Project object */;
}
